
Microsoft Visual Studio Solution File, Format Version 12.00
# Visual Studio Version 17
VisualStudioVersion = 17.0.31903.59
MinimumVisualStudioVersion = 10.0.40219.1
Project("{FAE04EC0-301F-11D3-BF4B-00C04F79EFBC}") = "ProjectVG.Api", "ProjectVG.Api\ProjectVG.Api.csproj", "{A1B2C3D4-E5F6-7890-ABCD-EF1234567890}"
EndProject
Project("{FAE04EC0-301F-11D3-BF4B-00C04F79EFBC}") = "ProjectVG.Application", "ProjectVG.Application\ProjectVG.Application.csproj", "{C1BB68F0-924F-4BFE-9D5F-1FC1E50DF8B4}"
EndProject
Project("{FAE04EC0-301F-11D3-BF4B-00C04F79EFBC}") = "ProjectVG.Domain", "ProjectVG.Domain\ProjectVG.Domain.csproj", "{5880625C-C329-4469-A100-EABEBAF64FC4}"
EndProject
Project("{FAE04EC0-301F-11D3-BF4B-00C04F79EFBC}") = "ProjectVG.Infrastructure", "ProjectVG.Infrastructure\ProjectVG.Infrastructure.csproj", "{DB4AC84B-A7B5-40A2-B50B-338C1B123758}"
EndProject
Project("{FAE04EC0-301F-11D3-BF4B-00C04F79EFBC}") = "ProjectVG.Common", "ProjectVG.Common\ProjectVG.Common.csproj", "{7940FCC6-DDA8-4FB7-B5BA-265A51D55A9C}"
EndProject
Project("{E53339B2-1760-4266-BCC7-CA923CBCF16C}") = "docker-compose", "docker-compose.dcproj", "{81DDED9D-158B-E303-5F62-77A2896D2A5A}"
EndProject
Global
	GlobalSection(SolutionConfigurationPlatforms) = preSolution
		Debug|Any CPU = Debug|Any CPU
		Release|Any CPU = Release|Any CPU
	EndGlobalSection
	GlobalSection(ProjectConfigurationPlatforms) = postSolution
		{A1B2C3D4-E5F6-7890-ABCD-EF1234567890}.Debug|Any CPU.ActiveCfg = Debug|Any CPU
		{A1B2C3D4-E5F6-7890-ABCD-EF1234567890}.Debug|Any CPU.Build.0 = Debug|Any CPU
		{A1B2C3D4-E5F6-7890-ABCD-EF1234567890}.Release|Any CPU.ActiveCfg = Release|Any CPU
		{A1B2C3D4-E5F6-7890-ABCD-EF1234567890}.Release|Any CPU.Build.0 = Release|Any CPU
		{C1BB68F0-924F-4BFE-9D5F-1FC1E50DF8B4}.Debug|Any CPU.ActiveCfg = Debug|Any CPU
		{C1BB68F0-924F-4BFE-9D5F-1FC1E50DF8B4}.Debug|Any CPU.Build.0 = Debug|Any CPU
		{C1BB68F0-924F-4BFE-9D5F-1FC1E50DF8B4}.Release|Any CPU.ActiveCfg = Release|Any CPU
		{C1BB68F0-924F-4BFE-9D5F-1FC1E50DF8B4}.Release|Any CPU.Build.0 = Release|Any CPU
		{5880625C-C329-4469-A100-EABEBAF64FC4}.Debug|Any CPU.ActiveCfg = Debug|Any CPU
		{5880625C-C329-4469-A100-EABEBAF64FC4}.Debug|Any CPU.Build.0 = Debug|Any CPU
		{5880625C-C329-4469-A100-EABEBAF64FC4}.Release|Any CPU.ActiveCfg = Release|Any CPU
		{5880625C-C329-4469-A100-EABEBAF64FC4}.Release|Any CPU.Build.0 = Release|Any CPU
		{DB4AC84B-A7B5-40A2-B50B-338C1B123758}.Debug|Any CPU.ActiveCfg = Debug|Any CPU
		{DB4AC84B-A7B5-40A2-B50B-338C1B123758}.Debug|Any CPU.Build.0 = Debug|Any CPU
		{DB4AC84B-A7B5-40A2-B50B-338C1B123758}.Release|Any CPU.ActiveCfg = Release|Any CPU
		{DB4AC84B-A7B5-40A2-B50B-338C1B123758}.Release|Any CPU.Build.0 = Release|Any CPU
		{7940FCC6-DDA8-4FB7-B5BA-265A51D55A9C}.Debug|Any CPU.ActiveCfg = Debug|Any CPU
		{7940FCC6-DDA8-4FB7-B5BA-265A51D55A9C}.Debug|Any CPU.Build.0 = Debug|Any CPU
		{7940FCC6-DDA8-4FB7-B5BA-265A51D55A9C}.Release|Any CPU.ActiveCfg = Release|Any CPU
		{7940FCC6-DDA8-4FB7-B5BA-265A51D55A9C}.Release|Any CPU.Build.0 = Release|Any CPU
		{81DDED9D-158B-E303-5F62-77A2896D2A5A}.Debug|Any CPU.ActiveCfg = Debug|Any CPU
		{81DDED9D-158B-E303-5F62-77A2896D2A5A}.Debug|Any CPU.Build.0 = Debug|Any CPU
		{81DDED9D-158B-E303-5F62-77A2896D2A5A}.Release|Any CPU.ActiveCfg = Release|Any CPU
		{81DDED9D-158B-E303-5F62-77A2896D2A5A}.Release|Any CPU.Build.0 = Release|Any CPU
	EndGlobalSection
	GlobalSection(SolutionProperties) = preSolution
		HideSolutionNode = FALSE
	EndGlobalSection
	GlobalSection(ExtensibilityGlobals) = postSolution
		SolutionGuid = {F6G7H8I9-J0K1-2345-F012-678901234567}
	EndGlobalSection
EndGlobal
